// !$*UTF8*$!
{
	archiveVersion = 1;
	classes = {
	};
	objectVersion = 46;
	objects = {

/* Begin PBXBuildFile section */
		D03297AE1CF5508E00FF0922 /* DoubleSection.swift in Sources */ = {isa = PBXBuildFile; fileRef = D03297AD1CF5508E00FF0922 /* DoubleSection.swift */; };
		D03297B01CF560B200FF0922 /* Path.swift in Sources */ = {isa = PBXBuildFile; fileRef = D03297AF1CF560B200FF0922 /* Path.swift */; };
		D074C4051CF119F6001A3AFC /* AlphaShape.swift in Sources */ = {isa = PBXBuildFile; fileRef = D074C4041CF119F6001A3AFC /* AlphaShape.swift */; };
		D074C4071CF11A74001A3AFC /* Shape.swift in Sources */ = {isa = PBXBuildFile; fileRef = D074C4061CF11A74001A3AFC /* Shape.swift */; };
		D074C4091CF11ABC001A3AFC /* Circle.swift in Sources */ = {isa = PBXBuildFile; fileRef = D074C4081CF11ABC001A3AFC /* Circle.swift */; };
		D074C4491CF129C0001A3AFC /* RenderType.swift in Sources */ = {isa = PBXBuildFile; fileRef = D074C4481CF129C0001A3AFC /* RenderType.swift */; };
		D074C44B1CF12B45001A3AFC /* SolidRenderType.swift in Sources */ = {isa = PBXBuildFile; fileRef = D074C44A1CF12B45001A3AFC /* SolidRenderType.swift */; };
		D074C44D1CF132B6001A3AFC /* Line.swift in Sources */ = {isa = PBXBuildFile; fileRef = D074C44C1CF132B6001A3AFC /* Line.swift */; };
		D074C44F1CF140BE001A3AFC /* UtilityMath.swift in Sources */ = {isa = PBXBuildFile; fileRef = D074C44E1CF140BE001A3AFC /* UtilityMath.swift */; };
		D074C4511CF16213001A3AFC /* Textures.swift in Sources */ = {isa = PBXBuildFile; fileRef = D074C4501CF16213001A3AFC /* Textures.swift */; };
		D074C4531CF16A69001A3AFC /* trophy.png in Resources */ = {isa = PBXBuildFile; fileRef = D074C4521CF16A69001A3AFC /* trophy.png */; };
		D074C4551CF16A6E001A3AFC /* forward.png in Resources */ = {isa = PBXBuildFile; fileRef = D074C4541CF16A6E001A3AFC /* forward.png */; };
		D074C4571CF16A73001A3AFC /* leaderboard.png in Resources */ = {isa = PBXBuildFile; fileRef = D074C4561CF16A73001A3AFC /* leaderboard.png */; };
		D074C4591CF16CB3001A3AFC /* Image.swift in Sources */ = {isa = PBXBuildFile; fileRef = D074C4581CF16CB3001A3AFC /* Image.swift */; };
		D0A2398F1CF6CA8300A53FDA /* Particle.png in Resources */ = {isa = PBXBuildFile; fileRef = D0A2398E1CF6CA8300A53FDA /* Particle.png */; };
		D0A53A021CF0EA5F002DE853 /* Shaders.swift in Sources */ = {isa = PBXBuildFile; fileRef = D0A53A011CF0EA5F002DE853 /* Shaders.swift */; };
		D0A53A041CF10A5A002DE853 /* MainGameState.swift in Sources */ = {isa = PBXBuildFile; fileRef = D0A53A031CF10A5A002DE853 /* MainGameState.swift */; };
		D0B1F38F1CF5071300C5CF8F /* Rectangle.swift in Sources */ = {isa = PBXBuildFile; fileRef = D0B1F38E1CF5071300C5CF8F /* Rectangle.swift */; };
		D0B1F3911CF509E900C5CF8F /* RoundedRectangle.swift in Sources */ = {isa = PBXBuildFile; fileRef = D0B1F3901CF509E900C5CF8F /* RoundedRectangle.swift */; };
		D0B1F3931CF520FF00C5CF8F /* Section.swift in Sources */ = {isa = PBXBuildFile; fileRef = D0B1F3921CF520FF00C5CF8F /* Section.swift */; };
		D0B1F3951CF5233600C5CF8F /* SubSection.swift in Sources */ = {isa = PBXBuildFile; fileRef = D0B1F3941CF5233600C5CF8F /* SubSection.swift */; };
		D0B1F3971CF525EA00C5CF8F /* Gate.swift in Sources */ = {isa = PBXBuildFile; fileRef = D0B1F3961CF525EA00C5CF8F /* Gate.swift */; };
		D0B1F3991CF5309600C5CF8F /* GateSubSection.swift in Sources */ = {isa = PBXBuildFile; fileRef = D0B1F3981CF5309600C5CF8F /* GateSubSection.swift */; };
		D0B646A01CF6BC890071555C /* point.vsh in Resources */ = {isa = PBXBuildFile; fileRef = D0B6469F1CF6BC890071555C /* point.vsh */; };
		D0B646A21CF6BC960071555C /* point.fsh in Resources */ = {isa = PBXBuildFile; fileRef = D0B646A11CF6BC960071555C /* point.fsh */; };
		D0C5972D1CF3C13B00F8F7C3 /* Font.swift in Sources */ = {isa = PBXBuildFile; fileRef = D0C5972C1CF3C13B00F8F7C3 /* Font.swift */; };
		D0C5972F1CF4031400F8F7C3 /* Text.swift in Sources */ = {isa = PBXBuildFile; fileRef = D0C5972E1CF4031400F8F7C3 /* Text.swift */; };
		D0C597311CF4080800F8F7C3 /* forward.xml in Resources */ = {isa = PBXBuildFile; fileRef = D0C597301CF4080800F8F7C3 /* forward.xml */; };
		D0E470131CF02EB40003E80D /* AppDelegate.swift in Sources */ = {isa = PBXBuildFile; fileRef = D0E470121CF02EB40003E80D /* AppDelegate.swift */; };
		D0E470191CF02EB40003E80D /* GameViewController.swift in Sources */ = {isa = PBXBuildFile; fileRef = D0E470181CF02EB40003E80D /* GameViewController.swift */; };
		D0E4701C1CF02EB40003E80D /* Main.storyboard in Resources */ = {isa = PBXBuildFile; fileRef = D0E4701A1CF02EB40003E80D /* Main.storyboard */; };
		D0E4701E1CF02EB40003E80D /* Assets.xcassets in Resources */ = {isa = PBXBuildFile; fileRef = D0E4701D1CF02EB40003E80D /* Assets.xcassets */; };
		D0E470211CF02EB40003E80D /* LaunchScreen.storyboard in Resources */ = {isa = PBXBuildFile; fileRef = D0E4701F1CF02EB40003E80D /* LaunchScreen.storyboard */; };
		D0E4702C1CF02EB40003E80D /* TransverseTests.swift in Sources */ = {isa = PBXBuildFile; fileRef = D0E4702B1CF02EB40003E80D /* TransverseTests.swift */; };
		D0E470371CF02EB40003E80D /* TransverseUITests.swift in Sources */ = {isa = PBXBuildFile; fileRef = D0E470361CF02EB40003E80D /* TransverseUITests.swift */; };
		D0E470451CF0310D0003E80D /* SolidColor.fsh in Resources */ = {isa = PBXBuildFile; fileRef = D0E470441CF0310D0003E80D /* SolidColor.fsh */; };
		D0E470471CF031280003E80D /* SolidColor.vsh in Resources */ = {isa = PBXBuildFile; fileRef = D0E470461CF031280003E80D /* SolidColor.vsh */; };
		D0E470491CF0313B0003E80D /* Image.fsh in Resources */ = {isa = PBXBuildFile; fileRef = D0E470481CF0313B0003E80D /* Image.fsh */; };
		D0E4704B1CF0314D0003E80D /* Image.vsh in Resources */ = {isa = PBXBuildFile; fileRef = D0E4704A1CF0314D0003E80D /* Image.vsh */; };
		D0E4704F1CF031AB0003E80D /* SolidImage.fsh in Resources */ = {isa = PBXBuildFile; fileRef = D0E4704E1CF031AB0003E80D /* SolidImage.fsh */; };
		D0E470511CF031C70003E80D /* SolidImage.vsh in Resources */ = {isa = PBXBuildFile; fileRef = D0E470501CF031C70003E80D /* SolidImage.vsh */; };
		D0E470531CF031E10003E80D /* SolidLine.fsh in Resources */ = {isa = PBXBuildFile; fileRef = D0E470521CF031E10003E80D /* SolidLine.fsh */; };
		D0E470551CF031F60003E80D /* SolidLine.vsh in Resources */ = {isa = PBXBuildFile; fileRef = D0E470541CF031F60003E80D /* SolidLine.vsh */; };
/* End PBXBuildFile section */

/* Begin PBXContainerItemProxy section */
		D0E470281CF02EB40003E80D /* PBXContainerItemProxy */ = {
			isa = PBXContainerItemProxy;
			containerPortal = D0E470071CF02EB40003E80D /* Project object */;
			proxyType = 1;
			remoteGlobalIDString = D0E4700E1CF02EB40003E80D;
			remoteInfo = Transverse;
		};
		D0E470331CF02EB40003E80D /* PBXContainerItemProxy */ = {
			isa = PBXContainerItemProxy;
			containerPortal = D0E470071CF02EB40003E80D /* Project object */;
			proxyType = 1;
			remoteGlobalIDString = D0E4700E1CF02EB40003E80D;
			remoteInfo = Transverse;
		};
/* End PBXContainerItemProxy section */

/* Begin PBXFileReference section */
		D03297AD1CF5508E00FF0922 /* DoubleSection.swift */ = {isa = PBXFileReference; fileEncoding = 4; lastKnownFileType = sourcecode.swift; path = DoubleSection.swift; sourceTree = "<group>"; };
		D03297AF1CF560B200FF0922 /* Path.swift */ = {isa = PBXFileReference; fileEncoding = 4; lastKnownFileType = sourcecode.swift; path = Path.swift; sourceTree = "<group>"; };
		D074C4041CF119F6001A3AFC /* AlphaShape.swift */ = {isa = PBXFileReference; fileEncoding = 4; lastKnownFileType = sourcecode.swift; name = AlphaShape.swift; path = ../AlphaShape.swift; sourceTree = "<group>"; };
		D074C4061CF11A74001A3AFC /* Shape.swift */ = {isa = PBXFileReference; fileEncoding = 4; lastKnownFileType = sourcecode.swift; path = Shape.swift; sourceTree = "<group>"; };
		D074C4081CF11ABC001A3AFC /* Circle.swift */ = {isa = PBXFileReference; fileEncoding = 4; lastKnownFileType = sourcecode.swift; path = Circle.swift; sourceTree = "<group>"; };
		D074C4481CF129C0001A3AFC /* RenderType.swift */ = {isa = PBXFileReference; fileEncoding = 4; lastKnownFileType = sourcecode.swift; name = RenderType.swift; path = ../RenderType.swift; sourceTree = "<group>"; };
		D074C44A1CF12B45001A3AFC /* SolidRenderType.swift */ = {isa = PBXFileReference; fileEncoding = 4; lastKnownFileType = sourcecode.swift; path = SolidRenderType.swift; sourceTree = "<group>"; };
		D074C44C1CF132B6001A3AFC /* Line.swift */ = {isa = PBXFileReference; fileEncoding = 4; lastKnownFileType = sourcecode.swift; path = Line.swift; sourceTree = "<group>"; };
		D074C44E1CF140BE001A3AFC /* UtilityMath.swift */ = {isa = PBXFileReference; fileEncoding = 4; lastKnownFileType = sourcecode.swift; path = UtilityMath.swift; sourceTree = "<group>"; };
		D074C4501CF16213001A3AFC /* Textures.swift */ = {isa = PBXFileReference; fileEncoding = 4; lastKnownFileType = sourcecode.swift; path = Textures.swift; sourceTree = "<group>"; };
		D074C4521CF16A69001A3AFC /* trophy.png */ = {isa = PBXFileReference; lastKnownFileType = image.png; name = trophy.png; path = ../../Desktop/trophy.png; sourceTree = "<group>"; };
		D074C4541CF16A6E001A3AFC /* forward.png */ = {isa = PBXFileReference; lastKnownFileType = image.png; name = forward.png; path = ../../Desktop/forward.png; sourceTree = "<group>"; };
		D074C4561CF16A73001A3AFC /* leaderboard.png */ = {isa = PBXFileReference; lastKnownFileType = image.png; name = leaderboard.png; path = ../../Desktop/leaderboard.png; sourceTree = "<group>"; };
		D074C4581CF16CB3001A3AFC /* Image.swift */ = {isa = PBXFileReference; fileEncoding = 4; lastKnownFileType = sourcecode.swift; path = Image.swift; sourceTree = "<group>"; };
		D0A2398E1CF6CA8300A53FDA /* Particle.png */ = {isa = PBXFileReference; lastKnownFileType = image.png; path = Particle.png; sourceTree = "<group>"; };
		D0A53A011CF0EA5F002DE853 /* Shaders.swift */ = {isa = PBXFileReference; fileEncoding = 4; lastKnownFileType = sourcecode.swift; path = Shaders.swift; sourceTree = "<group>"; };
		D0A53A031CF10A5A002DE853 /* MainGameState.swift */ = {isa = PBXFileReference; fileEncoding = 4; lastKnownFileType = sourcecode.swift; path = MainGameState.swift; sourceTree = "<group>"; };
		D0B1F38E1CF5071300C5CF8F /* Rectangle.swift */ = {isa = PBXFileReference; fileEncoding = 4; lastKnownFileType = sourcecode.swift; path = Rectangle.swift; sourceTree = "<group>"; };
		D0B1F3901CF509E900C5CF8F /* RoundedRectangle.swift */ = {isa = PBXFileReference; fileEncoding = 4; lastKnownFileType = sourcecode.swift; path = RoundedRectangle.swift; sourceTree = "<group>"; };
		D0B1F3921CF520FF00C5CF8F /* Section.swift */ = {isa = PBXFileReference; fileEncoding = 4; lastKnownFileType = sourcecode.swift; path = Section.swift; sourceTree = "<group>"; };
		D0B1F3941CF5233600C5CF8F /* SubSection.swift */ = {isa = PBXFileReference; fileEncoding = 4; lastKnownFileType = sourcecode.swift; path = SubSection.swift; sourceTree = "<group>"; };
		D0B1F3961CF525EA00C5CF8F /* Gate.swift */ = {isa = PBXFileReference; fileEncoding = 4; lastKnownFileType = sourcecode.swift; path = Gate.swift; sourceTree = "<group>"; };
		D0B1F3981CF5309600C5CF8F /* GateSubSection.swift */ = {isa = PBXFileReference; fileEncoding = 4; lastKnownFileType = sourcecode.swift; path = GateSubSection.swift; sourceTree = "<group>"; };
		D0B6469F1CF6BC890071555C /* point.vsh */ = {isa = PBXFileReference; fileEncoding = 4; lastKnownFileType = sourcecode.glsl; path = point.vsh; sourceTree = "<group>"; };
		D0B646A11CF6BC960071555C /* point.fsh */ = {isa = PBXFileReference; fileEncoding = 4; lastKnownFileType = sourcecode.glsl; path = point.fsh; sourceTree = "<group>"; };
		D0C5972C1CF3C13B00F8F7C3 /* Font.swift */ = {isa = PBXFileReference; fileEncoding = 4; lastKnownFileType = sourcecode.swift; path = Font.swift; sourceTree = "<group>"; };
		D0C5972E1CF4031400F8F7C3 /* Text.swift */ = {isa = PBXFileReference; fileEncoding = 4; lastKnownFileType = sourcecode.swift; path = Text.swift; sourceTree = "<group>"; };
		D0C597301CF4080800F8F7C3 /* forward.xml */ = {isa = PBXFileReference; fileEncoding = 4; lastKnownFileType = text.xml; path = forward.xml; sourceTree = "<group>"; };
		D0E4700F1CF02EB40003E80D /* Transverse.app */ = {isa = PBXFileReference; explicitFileType = wrapper.application; includeInIndex = 0; path = Transverse.app; sourceTree = BUILT_PRODUCTS_DIR; };
		D0E470121CF02EB40003E80D /* AppDelegate.swift */ = {isa = PBXFileReference; lastKnownFileType = sourcecode.swift; path = AppDelegate.swift; sourceTree = "<group>"; };
		D0E470181CF02EB40003E80D /* GameViewController.swift */ = {isa = PBXFileReference; lastKnownFileType = sourcecode.swift; path = GameViewController.swift; sourceTree = "<group>"; };
		D0E4701B1CF02EB40003E80D /* Base */ = {isa = PBXFileReference; lastKnownFileType = file.storyboard; name = Base; path = Base.lproj/Main.storyboard; sourceTree = "<group>"; };
		D0E4701D1CF02EB40003E80D /* Assets.xcassets */ = {isa = PBXFileReference; lastKnownFileType = folder.assetcatalog; path = Assets.xcassets; sourceTree = "<group>"; };
		D0E470201CF02EB40003E80D /* Base */ = {isa = PBXFileReference; lastKnownFileType = file.storyboard; name = Base; path = Base.lproj/LaunchScreen.storyboard; sourceTree = "<group>"; };
		D0E470221CF02EB40003E80D /* Info.plist */ = {isa = PBXFileReference; lastKnownFileType = text.plist.xml; path = Info.plist; sourceTree = "<group>"; };
		D0E470271CF02EB40003E80D /* TransverseTests.xctest */ = {isa = PBXFileReference; explicitFileType = wrapper.cfbundle; includeInIndex = 0; path = TransverseTests.xctest; sourceTree = BUILT_PRODUCTS_DIR; };
		D0E4702B1CF02EB40003E80D /* TransverseTests.swift */ = {isa = PBXFileReference; lastKnownFileType = sourcecode.swift; path = TransverseTests.swift; sourceTree = "<group>"; };
		D0E4702D1CF02EB40003E80D /* Info.plist */ = {isa = PBXFileReference; lastKnownFileType = text.plist.xml; path = Info.plist; sourceTree = "<group>"; };
		D0E470321CF02EB40003E80D /* TransverseUITests.xctest */ = {isa = PBXFileReference; explicitFileType = wrapper.cfbundle; includeInIndex = 0; path = TransverseUITests.xctest; sourceTree = BUILT_PRODUCTS_DIR; };
		D0E470361CF02EB40003E80D /* TransverseUITests.swift */ = {isa = PBXFileReference; lastKnownFileType = sourcecode.swift; path = TransverseUITests.swift; sourceTree = "<group>"; };
		D0E470381CF02EB40003E80D /* Info.plist */ = {isa = PBXFileReference; lastKnownFileType = text.plist.xml; path = Info.plist; sourceTree = "<group>"; };
		D0E470441CF0310D0003E80D /* SolidColor.fsh */ = {isa = PBXFileReference; fileEncoding = 4; lastKnownFileType = sourcecode.glsl; path = SolidColor.fsh; sourceTree = "<group>"; };
		D0E470461CF031280003E80D /* SolidColor.vsh */ = {isa = PBXFileReference; fileEncoding = 4; lastKnownFileType = sourcecode.glsl; path = SolidColor.vsh; sourceTree = "<group>"; };
		D0E470481CF0313B0003E80D /* Image.fsh */ = {isa = PBXFileReference; fileEncoding = 4; lastKnownFileType = sourcecode.glsl; path = Image.fsh; sourceTree = "<group>"; };
		D0E4704A1CF0314D0003E80D /* Image.vsh */ = {isa = PBXFileReference; fileEncoding = 4; lastKnownFileType = sourcecode.glsl; path = Image.vsh; sourceTree = "<group>"; };
		D0E4704E1CF031AB0003E80D /* SolidImage.fsh */ = {isa = PBXFileReference; fileEncoding = 4; lastKnownFileType = sourcecode.glsl; name = SolidImage.fsh; path = ../SolidImage.fsh; sourceTree = "<group>"; };
		D0E470501CF031C70003E80D /* SolidImage.vsh */ = {isa = PBXFileReference; fileEncoding = 4; lastKnownFileType = sourcecode.glsl; path = SolidImage.vsh; sourceTree = "<group>"; };
		D0E470521CF031E10003E80D /* SolidLine.fsh */ = {isa = PBXFileReference; fileEncoding = 4; lastKnownFileType = sourcecode.glsl; path = SolidLine.fsh; sourceTree = "<group>"; };
		D0E470541CF031F60003E80D /* SolidLine.vsh */ = {isa = PBXFileReference; fileEncoding = 4; lastKnownFileType = sourcecode.glsl; path = SolidLine.vsh; sourceTree = "<group>"; };
/* End PBXFileReference section */

/* Begin PBXFrameworksBuildPhase section */
		D0E4700C1CF02EB40003E80D /* Frameworks */ = {
			isa = PBXFrameworksBuildPhase;
			buildActionMask = 2147483647;
			files = (
			);
			runOnlyForDeploymentPostprocessing = 0;
		};
		D0E470241CF02EB40003E80D /* Frameworks */ = {
			isa = PBXFrameworksBuildPhase;
			buildActionMask = 2147483647;
			files = (
			);
			runOnlyForDeploymentPostprocessing = 0;
		};
		D0E4702F1CF02EB40003E80D /* Frameworks */ = {
			isa = PBXFrameworksBuildPhase;
			buildActionMask = 2147483647;
			files = (
			);
			runOnlyForDeploymentPostprocessing = 0;
		};
/* End PBXFrameworksBuildPhase section */

/* Begin PBXGroup section */
		D0E470061CF02EB40003E80D = {
			isa = PBXGroup;
			children = (
				D0E470111CF02EB40003E80D /* Transverse */,
				D0E4702A1CF02EB40003E80D /* TransverseTests */,
				D0E470351CF02EB40003E80D /* TransverseUITests */,
				D0E470101CF02EB40003E80D /* Products */,
			);
			sourceTree = "<group>";
		};
		D0E470101CF02EB40003E80D /* Products */ = {
			isa = PBXGroup;
			children = (
				D0E4700F1CF02EB40003E80D /* Transverse.app */,
				D0E470271CF02EB40003E80D /* TransverseTests.xctest */,
				D0E470321CF02EB40003E80D /* TransverseUITests.xctest */,
			);
			name = Products;
			sourceTree = "<group>";
		};
		D0E470111CF02EB40003E80D /* Transverse */ = {
			isa = PBXGroup;
			children = (
				D0A2398E1CF6CA8300A53FDA /* Particle.png */,
				D074C4561CF16A73001A3AFC /* leaderboard.png */,
				D074C4541CF16A6E001A3AFC /* forward.png */,
				D0C597301CF4080800F8F7C3 /* forward.xml */,
				D074C4521CF16A69001A3AFC /* trophy.png */,
				D074C44E1CF140BE001A3AFC /* UtilityMath.swift */,
				D074C44A1CF12B45001A3AFC /* SolidRenderType.swift */,
				D074C4481CF129C0001A3AFC /* RenderType.swift */,
				D074C4041CF119F6001A3AFC /* AlphaShape.swift */,
				D074C4061CF11A74001A3AFC /* Shape.swift */,
				D074C4081CF11ABC001A3AFC /* Circle.swift */,
				D074C44C1CF132B6001A3AFC /* Line.swift */,
				D0E470121CF02EB40003E80D /* AppDelegate.swift */,
				D0E470181CF02EB40003E80D /* GameViewController.swift */,
				D0A53A031CF10A5A002DE853 /* MainGameState.swift */,
				D0A53A011CF0EA5F002DE853 /* Shaders.swift */,
				D074C4501CF16213001A3AFC /* Textures.swift */,
				D074C4581CF16CB3001A3AFC /* Image.swift */,
				D0C5972C1CF3C13B00F8F7C3 /* Font.swift */,
				D0C5972E1CF4031400F8F7C3 /* Text.swift */,
				D0B1F38E1CF5071300C5CF8F /* Rectangle.swift */,
				D0B1F3901CF509E900C5CF8F /* RoundedRectangle.swift */,
				D0B1F3921CF520FF00C5CF8F /* Section.swift */,
				D0B1F3941CF5233600C5CF8F /* SubSection.swift */,
				D0B1F3981CF5309600C5CF8F /* GateSubSection.swift */,
				D03297AD1CF5508E00FF0922 /* DoubleSection.swift */,
				D0B1F3961CF525EA00C5CF8F /* Gate.swift */,
				D03297AF1CF560B200FF0922 /* Path.swift */,
				D0E4701A1CF02EB40003E80D /* Main.storyboard */,
				D0E4701D1CF02EB40003E80D /* Assets.xcassets */,
				D0E4701F1CF02EB40003E80D /* LaunchScreen.storyboard */,
				D0E470221CF02EB40003E80D /* Info.plist */,
				D0E470441CF0310D0003E80D /* SolidColor.fsh */,
				D0E470461CF031280003E80D /* SolidColor.vsh */,
				D0E470481CF0313B0003E80D /* Image.fsh */,
				D0E4704A1CF0314D0003E80D /* Image.vsh */,
				D0E4704E1CF031AB0003E80D /* SolidImage.fsh */,
				D0E470501CF031C70003E80D /* SolidImage.vsh */,
				D0E470521CF031E10003E80D /* SolidLine.fsh */,
				D0E470541CF031F60003E80D /* SolidLine.vsh */,
				D0B646A11CF6BC960071555C /* point.fsh */,
				D0B6469F1CF6BC890071555C /* point.vsh */,
			);
			path = Transverse;
			sourceTree = "<group>";
		};
		D0E4702A1CF02EB40003E80D /* TransverseTests */ = {
			isa = PBXGroup;
			children = (
				D0E4702B1CF02EB40003E80D /* TransverseTests.swift */,
				D0E4702D1CF02EB40003E80D /* Info.plist */,
			);
			path = TransverseTests;
			sourceTree = "<group>";
		};
		D0E470351CF02EB40003E80D /* TransverseUITests */ = {
			isa = PBXGroup;
			children = (
				D0E470361CF02EB40003E80D /* TransverseUITests.swift */,
				D0E470381CF02EB40003E80D /* Info.plist */,
			);
			path = TransverseUITests;
			sourceTree = "<group>";
		};
/* End PBXGroup section */

/* Begin PBXNativeTarget section */
		D0E4700E1CF02EB40003E80D /* Transverse */ = {
			isa = PBXNativeTarget;
			buildConfigurationList = D0E4703B1CF02EB40003E80D /* Build configuration list for PBXNativeTarget "Transverse" */;
			buildPhases = (
				D0E4700B1CF02EB40003E80D /* Sources */,
				D0E4700C1CF02EB40003E80D /* Frameworks */,
				D0E4700D1CF02EB40003E80D /* Resources */,
			);
			buildRules = (
			);
			dependencies = (
			);
			name = Transverse;
			productName = Transverse;
			productReference = D0E4700F1CF02EB40003E80D /* Transverse.app */;
			productType = "com.apple.product-type.application";
		};
		D0E470261CF02EB40003E80D /* TransverseTests */ = {
			isa = PBXNativeTarget;
			buildConfigurationList = D0E4703E1CF02EB40003E80D /* Build configuration list for PBXNativeTarget "TransverseTests" */;
			buildPhases = (
				D0E470231CF02EB40003E80D /* Sources */,
				D0E470241CF02EB40003E80D /* Frameworks */,
				D0E470251CF02EB40003E80D /* Resources */,
			);
			buildRules = (
			);
			dependencies = (
				D0E470291CF02EB40003E80D /* PBXTargetDependency */,
			);
			name = TransverseTests;
			productName = TransverseTests;
			productReference = D0E470271CF02EB40003E80D /* TransverseTests.xctest */;
			productType = "com.apple.product-type.bundle.unit-test";
		};
		D0E470311CF02EB40003E80D /* TransverseUITests */ = {
			isa = PBXNativeTarget;
			buildConfigurationList = D0E470411CF02EB40003E80D /* Build configuration list for PBXNativeTarget "TransverseUITests" */;
			buildPhases = (
				D0E4702E1CF02EB40003E80D /* Sources */,
				D0E4702F1CF02EB40003E80D /* Frameworks */,
				D0E470301CF02EB40003E80D /* Resources */,
			);
			buildRules = (
			);
			dependencies = (
				D0E470341CF02EB40003E80D /* PBXTargetDependency */,
			);
			name = TransverseUITests;
			productName = TransverseUITests;
			productReference = D0E470321CF02EB40003E80D /* TransverseUITests.xctest */;
			productType = "com.apple.product-type.bundle.ui-testing";
		};
/* End PBXNativeTarget section */

/* Begin PBXProject section */
		D0E470071CF02EB40003E80D /* Project object */ = {
			isa = PBXProject;
			attributes = {
				LastSwiftUpdateCheck = 0730;
				LastUpgradeCheck = 0730;
				ORGANIZATIONNAME = Justin;
				TargetAttributes = {
					D0E4700E1CF02EB40003E80D = {
						CreatedOnToolsVersion = 7.3.1;
						DevelopmentTeam = 82RCWWM6ZQ;
					};
					D0E470261CF02EB40003E80D = {
						CreatedOnToolsVersion = 7.3.1;
						TestTargetID = D0E4700E1CF02EB40003E80D;
					};
					D0E470311CF02EB40003E80D = {
						CreatedOnToolsVersion = 7.3.1;
						TestTargetID = D0E4700E1CF02EB40003E80D;
					};
				};
			};
			buildConfigurationList = D0E4700A1CF02EB40003E80D /* Build configuration list for PBXProject "Transverse" */;
			compatibilityVersion = "Xcode 3.2";
			developmentRegion = English;
			hasScannedForEncodings = 0;
			knownRegions = (
				en,
				Base,
			);
			mainGroup = D0E470061CF02EB40003E80D;
			productRefGroup = D0E470101CF02EB40003E80D /* Products */;
			projectDirPath = "";
			projectRoot = "";
			targets = (
				D0E4700E1CF02EB40003E80D /* Transverse */,
				D0E470261CF02EB40003E80D /* TransverseTests */,
				D0E470311CF02EB40003E80D /* TransverseUITests */,
			);
		};
/* End PBXProject section */

/* Begin PBXResourcesBuildPhase section */
		D0E4700D1CF02EB40003E80D /* Resources */ = {
			isa = PBXResourcesBuildPhase;
			buildActionMask = 2147483647;
			files = (
				D0B646A21CF6BC960071555C /* point.fsh in Resources */,
				D0A2398F1CF6CA8300A53FDA /* Particle.png in Resources */,
				D0E4701C1CF02EB40003E80D /* Main.storyboard in Resources */,
				D074C4571CF16A73001A3AFC /* leaderboard.png in Resources */,
				D0B646A01CF6BC890071555C /* point.vsh in Resources */,
				D0E470551CF031F60003E80D /* SolidLine.vsh in Resources */,
				D0E470451CF0310D0003E80D /* SolidColor.fsh in Resources */,
				D0E470531CF031E10003E80D /* SolidLine.fsh in Resources */,
				D074C4551CF16A6E001A3AFC /* forward.png in Resources */,
				D0E4704F1CF031AB0003E80D /* SolidImage.fsh in Resources */,
				D0E470491CF0313B0003E80D /* Image.fsh in Resources */,
				D0E4701E1CF02EB40003E80D /* Assets.xcassets in Resources */,
				D0C597311CF4080800F8F7C3 /* forward.xml in Resources */,
				D074C4531CF16A69001A3AFC /* trophy.png in Resources */,
				D0E470211CF02EB40003E80D /* LaunchScreen.storyboard in Resources */,
				D0E4704B1CF0314D0003E80D /* Image.vsh in Resources */,
				D0E470511CF031C70003E80D /* SolidImage.vsh in Resources */,
				D0E470471CF031280003E80D /* SolidColor.vsh in Resources */,
			);
			runOnlyForDeploymentPostprocessing = 0;
		};
		D0E470251CF02EB40003E80D /* Resources */ = {
			isa = PBXResourcesBuildPhase;
			buildActionMask = 2147483647;
			files = (
			);
			runOnlyForDeploymentPostprocessing = 0;
		};
		D0E470301CF02EB40003E80D /* Resources */ = {
			isa = PBXResourcesBuildPhase;
			buildActionMask = 2147483647;
			files = (
			);
			runOnlyForDeploymentPostprocessing = 0;
		};
/* End PBXResourcesBuildPhase section */

/* Begin PBXSourcesBuildPhase section */
		D0E4700B1CF02EB40003E80D /* Sources */ = {
			isa = PBXSourcesBuildPhase;
			buildActionMask = 2147483647;
			files = (
				D074C4091CF11ABC001A3AFC /* Circle.swift in Sources */,
				D03297B01CF560B200FF0922 /* Path.swift in Sources */,
				D0C5972F1CF4031400F8F7C3 /* Text.swift in Sources */,
				D0E470191CF02EB40003E80D /* GameViewController.swift in Sources */,
				D0C5972D1CF3C13B00F8F7C3 /* Font.swift in Sources */,
				D074C4071CF11A74001A3AFC /* Shape.swift in Sources */,
				D0E470131CF02EB40003E80D /* AppDelegate.swift in Sources */,
				D03297AE1CF5508E00FF0922 /* DoubleSection.swift in Sources */,
				D0B1F3971CF525EA00C5CF8F /* Gate.swift in Sources */,
				D0A53A041CF10A5A002DE853 /* MainGameState.swift in Sources */,
				D0B1F3991CF5309600C5CF8F /* GateSubSection.swift in Sources */,
				D0B1F3951CF5233600C5CF8F /* SubSection.swift in Sources */,
				D074C4511CF16213001A3AFC /* Textures.swift in Sources */,
				D074C4591CF16CB3001A3AFC /* Image.swift in Sources */,
				D0B1F3931CF520FF00C5CF8F /* Section.swift in Sources */,
				D074C4491CF129C0001A3AFC /* RenderType.swift in Sources */,
				D0A53A021CF0EA5F002DE853 /* Shaders.swift in Sources */,
				D074C4051CF119F6001A3AFC /* AlphaShape.swift in Sources */,
				D0B1F3911CF509E900C5CF8F /* RoundedRectangle.swift in Sources */,
				D074C44F1CF140BE001A3AFC /* UtilityMath.swift in Sources */,
				D074C44B1CF12B45001A3AFC /* SolidRenderType.swift in Sources */,
				D074C44D1CF132B6001A3AFC /* Line.swift in Sources */,
				D0B1F38F1CF5071300C5CF8F /* Rectangle.swift in Sources */,
			);
			runOnlyForDeploymentPostprocessing = 0;
		};
		D0E470231CF02EB40003E80D /* Sources */ = {
			isa = PBXSourcesBuildPhase;
			buildActionMask = 2147483647;
			files = (
				D0E4702C1CF02EB40003E80D /* TransverseTests.swift in Sources */,
			);
			runOnlyForDeploymentPostprocessing = 0;
		};
		D0E4702E1CF02EB40003E80D /* Sources */ = {
			isa = PBXSourcesBuildPhase;
			buildActionMask = 2147483647;
			files = (
				D0E470371CF02EB40003E80D /* TransverseUITests.swift in Sources */,
			);
			runOnlyForDeploymentPostprocessing = 0;
		};
/* End PBXSourcesBuildPhase section */

/* Begin PBXTargetDependency section */
		D0E470291CF02EB40003E80D /* PBXTargetDependency */ = {
			isa = PBXTargetDependency;
			target = D0E4700E1CF02EB40003E80D /* Transverse */;
			targetProxy = D0E470281CF02EB40003E80D /* PBXContainerItemProxy */;
		};
		D0E470341CF02EB40003E80D /* PBXTargetDependency */ = {
			isa = PBXTargetDependency;
			target = D0E4700E1CF02EB40003E80D /* Transverse */;
			targetProxy = D0E470331CF02EB40003E80D /* PBXContainerItemProxy */;
		};
/* End PBXTargetDependency section */

/* Begin PBXVariantGroup section */
		D0E4701A1CF02EB40003E80D /* Main.storyboard */ = {
			isa = PBXVariantGroup;
			children = (
				D0E4701B1CF02EB40003E80D /* Base */,
			);
			name = Main.storyboard;
			sourceTree = "<group>";
		};
		D0E4701F1CF02EB40003E80D /* LaunchScreen.storyboard */ = {
			isa = PBXVariantGroup;
			children = (
				D0E470201CF02EB40003E80D /* Base */,
			);
			name = LaunchScreen.storyboard;
			sourceTree = "<group>";
		};
/* End PBXVariantGroup section */

/* Begin XCBuildConfiguration section */
		D0E470391CF02EB40003E80D /* Debug */ = {
			isa = XCBuildConfiguration;
			buildSettings = {
				ALWAYS_SEARCH_USER_PATHS = NO;
				CLANG_ANALYZER_NONNULL = YES;
				CLANG_CXX_LANGUAGE_STANDARD = "gnu++0x";
				CLANG_CXX_LIBRARY = "libc++";
				CLANG_ENABLE_MODULES = YES;
				CLANG_ENABLE_OBJC_ARC = YES;
				CLANG_WARN_BOOL_CONVERSION = YES;
				CLANG_WARN_CONSTANT_CONVERSION = YES;
				CLANG_WARN_DIRECT_OBJC_ISA_USAGE = YES_ERROR;
				CLANG_WARN_EMPTY_BODY = YES;
				CLANG_WARN_ENUM_CONVERSION = YES;
				CLANG_WARN_INT_CONVERSION = YES;
				CLANG_WARN_OBJC_ROOT_CLASS = YES_ERROR;
				CLANG_WARN_UNREACHABLE_CODE = YES;
				CLANG_WARN__DUPLICATE_METHOD_MATCH = YES;
				"CODE_SIGN_IDENTITY[sdk=iphoneos*]" = "iPhone Developer";
				COPY_PHASE_STRIP = NO;
				DEBUG_INFORMATION_FORMAT = "dwarf-with-dsym";
				ENABLE_STRICT_OBJC_MSGSEND = YES;
				ENABLE_TESTABILITY = YES;
				GCC_C_LANGUAGE_STANDARD = gnu99;
				GCC_DYNAMIC_NO_PIC = NO;
				GCC_NO_COMMON_BLOCKS = YES;
				GCC_OPTIMIZATION_LEVEL = 0;
				GCC_PREPROCESSOR_DEFINITIONS = (
					"DEBUG=1",
					"$(inherited)",
				);
				GCC_WARN_64_TO_32_BIT_CONVERSION = YES;
				GCC_WARN_ABOUT_RETURN_TYPE = YES_ERROR;
				GCC_WARN_UNDECLARED_SELECTOR = YES;
				GCC_WARN_UNINITIALIZED_AUTOS = YES_AGGRESSIVE;
				GCC_WARN_UNUSED_FUNCTION = YES;
				GCC_WARN_UNUSED_VARIABLE = YES;
				IPHONEOS_DEPLOYMENT_TARGET = 9.3;
				MTL_ENABLE_DEBUG_INFO = YES;
				ONLY_ACTIVE_ARCH = YES;
				SDKROOT = iphoneos;
				SWIFT_OPTIMIZATION_LEVEL = "-Onone";
				TARGETED_DEVICE_FAMILY = "1,2";
			};
			name = Debug;
		};
		D0E4703A1CF02EB40003E80D /* Release */ = {
			isa = XCBuildConfiguration;
			buildSettings = {
				ALWAYS_SEARCH_USER_PATHS = NO;
				CLANG_ANALYZER_NONNULL = YES;
				CLANG_CXX_LANGUAGE_STANDARD = "gnu++0x";
				CLANG_CXX_LIBRARY = "libc++";
				CLANG_ENABLE_MODULES = YES;
				CLANG_ENABLE_OBJC_ARC = YES;
				CLANG_WARN_BOOL_CONVERSION = YES;
				CLANG_WARN_CONSTANT_CONVERSION = YES;
				CLANG_WARN_DIRECT_OBJC_ISA_USAGE = YES_ERROR;
				CLANG_WARN_EMPTY_BODY = YES;
				CLANG_WARN_ENUM_CONVERSION = YES;
				CLANG_WARN_INT_CONVERSION = YES;
				CLANG_WARN_OBJC_ROOT_CLASS = YES_ERROR;
				CLANG_WARN_UNREACHABLE_CODE = YES;
				CLANG_WARN__DUPLICATE_METHOD_MATCH = YES;
				"CODE_SIGN_IDENTITY[sdk=iphoneos*]" = "iPhone Developer";
				COPY_PHASE_STRIP = NO;
				DEBUG_INFORMATION_FORMAT = "dwarf-with-dsym";
				ENABLE_NS_ASSERTIONS = NO;
				ENABLE_STRICT_OBJC_MSGSEND = YES;
				GCC_C_LANGUAGE_STANDARD = gnu99;
				GCC_NO_COMMON_BLOCKS = YES;
				GCC_WARN_64_TO_32_BIT_CONVERSION = YES;
				GCC_WARN_ABOUT_RETURN_TYPE = YES_ERROR;
				GCC_WARN_UNDECLARED_SELECTOR = YES;
				GCC_WARN_UNINITIALIZED_AUTOS = YES_AGGRESSIVE;
				GCC_WARN_UNUSED_FUNCTION = YES;
				GCC_WARN_UNUSED_VARIABLE = YES;
				IPHONEOS_DEPLOYMENT_TARGET = 9.3;
				MTL_ENABLE_DEBUG_INFO = NO;
				SDKROOT = iphoneos;
				TARGETED_DEVICE_FAMILY = "1,2";
				VALIDATE_PRODUCT = YES;
			};
			name = Release;
		};
		D0E4703C1CF02EB40003E80D /* Debug */ = {
			isa = XCBuildConfiguration;
			buildSettings = {
				ASSETCATALOG_COMPILER_APPICON_NAME = AppIcon;
				CODE_SIGN_IDENTITY = "iPhone Developer";
				"CODE_SIGN_IDENTITY[sdk=iphoneos*]" = "iPhone Developer";
				INFOPLIST_FILE = Transverse/Info.plist;
				LD_RUNPATH_SEARCH_PATHS = "$(inherited) @executable_path/Frameworks";
				PRODUCT_BUNDLE_IDENTIFIER = com.provectusstudios.Transverse;
				PRODUCT_NAME = "$(TARGET_NAME)";
				PROVISIONING_PROFILE = "";
			};
			name = Debug;
		};
		D0E4703D1CF02EB40003E80D /* Release */ = {
			isa = XCBuildConfiguration;
			buildSettings = {
				ASSETCATALOG_COMPILER_APPICON_NAME = AppIcon;
				CODE_SIGN_IDENTITY = "iPhone Developer";
				"CODE_SIGN_IDENTITY[sdk=iphoneos*]" = "iPhone Developer";
				INFOPLIST_FILE = Transverse/Info.plist;
				LD_RUNPATH_SEARCH_PATHS = "$(inherited) @executable_path/Frameworks";
				PRODUCT_BUNDLE_IDENTIFIER = com.provectusstudios.Transverse;
				PRODUCT_NAME = "$(TARGET_NAME)";
				PROVISIONING_PROFILE = "";
			};
			name = Release;
		};
		D0E4703F1CF02EB40003E80D /* Debug */ = {
			isa = XCBuildConfiguration;
			buildSettings = {
				BUNDLE_LOADER = "$(TEST_HOST)";
				DEBUG_INFORMATION_FORMAT = dwarf;
				INFOPLIST_FILE = TransverseTests/Info.plist;
				LD_RUNPATH_SEARCH_PATHS = "$(inherited) @executable_path/Frameworks @loader_path/Frameworks";
				PRODUCT_BUNDLE_IDENTIFIER = com.provectusstudios.TransverseTests;
				PRODUCT_NAME = "$(TARGET_NAME)";
				TEST_HOST = "$(BUILT_PRODUCTS_DIR)/Transverse.app/Transverse";
			};
			name = Debug;
		};
		D0E470401CF02EB40003E80D /* Release */ = {
			isa = XCBuildConfiguration;
			buildSettings = {
				BUNDLE_LOADER = "$(TEST_HOST)";
				INFOPLIST_FILE = TransverseTests/Info.plist;
				LD_RUNPATH_SEARCH_PATHS = "$(inherited) @executable_path/Frameworks @loader_path/Frameworks";
				PRODUCT_BUNDLE_IDENTIFIER = com.provectusstudios.TransverseTests;
				PRODUCT_NAME = "$(TARGET_NAME)";
				TEST_HOST = "$(BUILT_PRODUCTS_DIR)/Transverse.app/Transverse";
			};
			name = Release;
		};
		D0E470421CF02EB40003E80D /* Debug */ = {
			isa = XCBuildConfiguration;
			buildSettings = {
				DEBUG_INFORMATION_FORMAT = dwarf;
				INFOPLIST_FILE = TransverseUITests/Info.plist;
				LD_RUNPATH_SEARCH_PATHS = "$(inherited) @executable_path/Frameworks @loader_path/Frameworks";
				PRODUCT_BUNDLE_IDENTIFIER = com.provectusstudios.TransverseUITests;
				PRODUCT_NAME = "$(TARGET_NAME)";
				TEST_TARGET_NAME = Transverse;
			};
			name = Debug;
		};
		D0E470431CF02EB40003E80D /* Release */ = {
			isa = XCBuildConfiguration;
			buildSettings = {
				INFOPLIST_FILE = TransverseUITests/Info.plist;
				LD_RUNPATH_SEARCH_PATHS = "$(inherited) @executable_path/Frameworks @loader_path/Frameworks";
				PRODUCT_BUNDLE_IDENTIFIER = com.provectusstudios.TransverseUITests;
				PRODUCT_NAME = "$(TARGET_NAME)";
				TEST_TARGET_NAME = Transverse;
			};
			name = Release;
		};
/* End XCBuildConfiguration section */

/* Begin XCConfigurationList section */
		D0E4700A1CF02EB40003E80D /* Build configuration list for PBXProject "Transverse" */ = {
			isa = XCConfigurationList;
			buildConfigurations = (
				D0E470391CF02EB40003E80D /* Debug */,
				D0E4703A1CF02EB40003E80D /* Release */,
			);
			defaultConfigurationIsVisible = 0;
			defaultConfigurationName = Release;
		};
		D0E4703B1CF02EB40003E80D /* Build configuration list for PBXNativeTarget "Transverse" */ = {
			isa = XCConfigurationList;
			buildConfigurations = (
				D0E4703C1CF02EB40003E80D /* Debug */,
				D0E4703D1CF02EB40003E80D /* Release */,
			);
			defaultConfigurationIsVisible = 0;
			defaultConfigurationName = Release;
		};
		D0E4703E1CF02EB40003E80D /* Build configuration list for PBXNativeTarget "TransverseTests" */ = {
			isa = XCConfigurationList;
			buildConfigurations = (
				D0E4703F1CF02EB40003E80D /* Debug */,
				D0E470401CF02EB40003E80D /* Release */,
			);
			defaultConfigurationIsVisible = 0;
			defaultConfigurationName = Release;
		};
		D0E470411CF02EB40003E80D /* Build configuration list for PBXNativeTarget "TransverseUITests" */ = {
			isa = XCConfigurationList;
			buildConfigurations = (
				D0E470421CF02EB40003E80D /* Debug */,
				D0E470431CF02EB40003E80D /* Release */,
			);
			defaultConfigurationIsVisible = 0;
			defaultConfigurationName = Release;
		};
/* End XCConfigurationList section */
	};
	rootObject = D0E470071CF02EB40003E80D /* Project object */;
}
